
Microsoft Visual Studio Solution File, Format Version 12.00
# Visual Studio 2012
Project("{FAE04EC0-301F-11D3-BF4B-00C04F79EFBC}") = "Client", "Client\Client.csproj", "{8B0290D6-80FA-4E65-81BE-C712E00615FF}"
EndProject
Project("{FAE04EC0-301F-11D3-BF4B-00C04F79EFBC}") = "Service", "Service\Service.csproj", "{9225CC8A-F5D4-4969-8C01-278C6D9A3695}"
EndProject
Project("{FAE04EC0-301F-11D3-BF4B-00C04F79EFBC}") = "SecurityModule", "SecurityModule\SecurityModule.csproj", "{94180AA8-8F0E-42C1-8A24-DA24EAD8E70C}"
EndProject
Project("{2150E333-8FDC-42A3-9474-1A3956D46DE8}") = "Solution Items", "Solution Items", "{8C7CA8D8-0930-4582-B420-A4F81E61AD80}"
	ProjectSection(SolutionItems) = preProject
		.gitignore = .gitignore
		readme.md = readme.md
	EndProjectSection
EndProject
Global
	GlobalSection(SolutionConfigurationPlatforms) = preSolution
		Debug|Any CPU = Debug|Any CPU
		Debug|Mixed Platforms = Debug|Mixed Platforms
		Debug|x86 = Debug|x86
		Release|Any CPU = Release|Any CPU
		Release|Mixed Platforms = Release|Mixed Platforms
		Release|x86 = Release|x86
	EndGlobalSection
	GlobalSection(ProjectConfigurationPlatforms) = postSolution
		{8B0290D6-80FA-4E65-81BE-C712E00615FF}.Debug|Any CPU.ActiveCfg = Debug|x86
		{8B0290D6-80FA-4E65-81BE-C712E00615FF}.Debug|Mixed Platforms.ActiveCfg = Debug|x86
		{8B0290D6-80FA-4E65-81BE-C712E00615FF}.Debug|Mixed Platforms.Build.0 = Debug|x86
		{8B0290D6-80FA-4E65-81BE-C712E00615FF}.Debug|x86.ActiveCfg = Debug|x86
		{8B0290D6-80FA-4E65-81BE-C712E00615FF}.Debug|x86.Build.0 = Debug|x86
		{8B0290D6-80FA-4E65-81BE-C712E00615FF}.Release|Any CPU.ActiveCfg = Release|x86
		{8B0290D6-80FA-4E65-81BE-C712E00615FF}.Release|Mixed Platforms.ActiveCfg = Release|x86
		{8B0290D6-80FA-4E65-81BE-C712E00615FF}.Release|Mixed Platforms.Build.0 = Release|x86
		{8B0290D6-80FA-4E65-81BE-C712E00615FF}.Release|x86.ActiveCfg = Release|x86
		{8B0290D6-80FA-4E65-81BE-C712E00615FF}.Release|x86.Build.0 = Release|x86
		{9225CC8A-F5D4-4969-8C01-278C6D9A3695}.Debug|Any CPU.ActiveCfg = Debug|Any CPU
		{9225CC8A-F5D4-4969-8C01-278C6D9A3695}.Debug|Any CPU.Build.0 = Debug|Any CPU
		{9225CC8A-F5D4-4969-8C01-278C6D9A3695}.Debug|Mixed Platforms.ActiveCfg = Debug|Any CPU
		{9225CC8A-F5D4-4969-8C01-278C6D9A3695}.Debug|Mixed Platforms.Build.0 = Debug|Any CPU
		{9225CC8A-F5D4-4969-8C01-278C6D9A3695}.Debug|x86.ActiveCfg = Debug|Any CPU
		{9225CC8A-F5D4-4969-8C01-278C6D9A3695}.Release|Any CPU.ActiveCfg = Release|Any CPU
		{9225CC8A-F5D4-4969-8C01-278C6D9A3695}.Release|Any CPU.Build.0 = Release|Any CPU
		{9225CC8A-F5D4-4969-8C01-278C6D9A3695}.Release|Mixed Platforms.ActiveCfg = Release|Any CPU
		{9225CC8A-F5D4-4969-8C01-278C6D9A3695}.Release|Mixed Platforms.Build.0 = Release|Any CPU
		{9225CC8A-F5D4-4969-8C01-278C6D9A3695}.Release|x86.ActiveCfg = Release|Any CPU
		{94180AA8-8F0E-42C1-8A24-DA24EAD8E70C}.Debug|Any CPU.ActiveCfg = Debug|Any CPU
		{94180AA8-8F0E-42C1-8A24-DA24EAD8E70C}.Debug|Any CPU.Build.0 = Debug|Any CPU
		{94180AA8-8F0E-42C1-8A24-DA24EAD8E70C}.Debug|Mixed Platforms.ActiveCfg = Debug|Any CPU
		{94180AA8-8F0E-42C1-8A24-DA24EAD8E70C}.Debug|Mixed Platforms.Build.0 = Debug|Any CPU
		{94180AA8-8F0E-42C1-8A24-DA24EAD8E70C}.Debug|x86.ActiveCfg = Debug|Any CPU
		{94180AA8-8F0E-42C1-8A24-DA24EAD8E70C}.Release|Any CPU.ActiveCfg = Release|Any CPU
		{94180AA8-8F0E-42C1-8A24-DA24EAD8E70C}.Release|Any CPU.Build.0 = Release|Any CPU
		{94180AA8-8F0E-42C1-8A24-DA24EAD8E70C}.Release|Mixed Platforms.ActiveCfg = Release|Any CPU
		{94180AA8-8F0E-42C1-8A24-DA24EAD8E70C}.Release|Mixed Platforms.Build.0 = Release|Any CPU
		{94180AA8-8F0E-42C1-8A24-DA24EAD8E70C}.Release|x86.ActiveCfg = Release|Any CPU
	EndGlobalSection
	GlobalSection(SolutionProperties) = preSolution
		HideSolutionNode = FALSE
	EndGlobalSection
EndGlobal
